
Microsoft Visual Studio Solution File, Format Version 12.00
# Visual Studio Version 17
VisualStudioVersion = 17.6.33829.357
MinimumVisualStudioVersion = 10.0.40219.1
Project("{FAE04EC0-301F-11D3-BF4B-00C04F79EFBC}") = "Biblioteca", "Biblioteca\Biblioteca.csproj", "{681BF534-28C3-4CAD-BBEF-5501AE7F8EAC}"
EndProject
Global
	GlobalSection(SolutionConfigurationPlatforms) = preSolution
		Debug|Any CPU = Debug|Any CPU
		Release|Any CPU = Release|Any CPU
	EndGlobalSection
	GlobalSection(ProjectConfigurationPlatforms) = postSolution
		{681BF534-28C3-4CAD-BBEF-5501AE7F8EAC}.Debug|Any CPU.ActiveCfg = Debug|Any CPU
		{681BF534-28C3-4CAD-BBEF-5501AE7F8EAC}.Debug|Any CPU.Build.0 = Debug|Any CPU
		{681BF534-28C3-4CAD-BBEF-5501AE7F8EAC}.Release|Any CPU.ActiveCfg = Release|Any CPU
		{681BF534-28C3-4CAD-BBEF-5501AE7F8EAC}.Release|Any CPU.Build.0 = Release|Any CPU
	EndGlobalSection
	GlobalSection(SolutionProperties) = preSolution
		HideSolutionNode = FALSE
	EndGlobalSection
	GlobalSection(ExtensibilityGlobals) = postSolution
		SolutionGuid = {4AD3E68F-CFF1-4E31-9175-E0556EF19765}
	EndGlobalSection
EndGlobal
